
Microsoft Visual Studio Solution File, Format Version 12.00
# Visual Studio 15
VisualStudioVersion = 15.0.27130.2036
MinimumVisualStudioVersion = 10.0.40219.1
Project("{FAE04EC0-301F-11D3-BF4B-00C04F79EFBC}") = "Switch_Task_Del1", "Switch_Task\Switch_Task_Del1.csproj", "{29AE8ACB-3265-48DD-AA9F-7405112A739A}"
EndProject
Project("{FAE04EC0-301F-11D3-BF4B-00C04F79EFBC}") = "Switch_Task_Del2", "Switch_Task_Del2\Switch_Task_Del2.csproj", "{3F3EA53E-855E-46F4-BE1F-7D300FA707FB}"
EndProject
Project("{FAE04EC0-301F-11D3-BF4B-00C04F79EFBC}") = "Switch_Task_Del3", "Switch_Task_Del3\Switch_Task_Del3.csproj", "{44EF8064-CEDA-47B7-A747-2C63B0F066AF}"
EndProject
Global
	GlobalSection(SolutionConfigurationPlatforms) = preSolution
		Debug|Any CPU = Debug|Any CPU
		Release|Any CPU = Release|Any CPU
	EndGlobalSection
	GlobalSection(ProjectConfigurationPlatforms) = postSolution
		{29AE8ACB-3265-48DD-AA9F-7405112A739A}.Debug|Any CPU.ActiveCfg = Debug|Any CPU
		{29AE8ACB-3265-48DD-AA9F-7405112A739A}.Debug|Any CPU.Build.0 = Debug|Any CPU
		{29AE8ACB-3265-48DD-AA9F-7405112A739A}.Release|Any CPU.ActiveCfg = Release|Any CPU
		{29AE8ACB-3265-48DD-AA9F-7405112A739A}.Release|Any CPU.Build.0 = Release|Any CPU
		{3F3EA53E-855E-46F4-BE1F-7D300FA707FB}.Debug|Any CPU.ActiveCfg = Debug|Any CPU
		{3F3EA53E-855E-46F4-BE1F-7D300FA707FB}.Debug|Any CPU.Build.0 = Debug|Any CPU
		{3F3EA53E-855E-46F4-BE1F-7D300FA707FB}.Release|Any CPU.ActiveCfg = Release|Any CPU
		{3F3EA53E-855E-46F4-BE1F-7D300FA707FB}.Release|Any CPU.Build.0 = Release|Any CPU
		{44EF8064-CEDA-47B7-A747-2C63B0F066AF}.Debug|Any CPU.ActiveCfg = Debug|Any CPU
		{44EF8064-CEDA-47B7-A747-2C63B0F066AF}.Debug|Any CPU.Build.0 = Debug|Any CPU
		{44EF8064-CEDA-47B7-A747-2C63B0F066AF}.Release|Any CPU.ActiveCfg = Release|Any CPU
		{44EF8064-CEDA-47B7-A747-2C63B0F066AF}.Release|Any CPU.Build.0 = Release|Any CPU
	EndGlobalSection
	GlobalSection(SolutionProperties) = preSolution
		HideSolutionNode = FALSE
	EndGlobalSection
	GlobalSection(ExtensibilityGlobals) = postSolution
		SolutionGuid = {FB52DEA8-7FE8-4A4A-A84B-19542169F591}
	EndGlobalSection
EndGlobal
