
Microsoft Visual Studio Solution File, Format Version 12.00
# Visual Studio 15
VisualStudioVersion = 15.0.27130.2036
MinimumVisualStudioVersion = 10.0.40219.1
Project("{FAE04EC0-301F-11D3-BF4B-00C04F79EFBC}") = "HTML_Css_Layout", "WebApplication1\HTML_Css_Layout.csproj", "{E59B196D-8A47-4DC6-AE80-9F4A86568286}"
EndProject
Global
	GlobalSection(SolutionConfigurationPlatforms) = preSolution
		Debug|Any CPU = Debug|Any CPU
		Release|Any CPU = Release|Any CPU
	EndGlobalSection
	GlobalSection(ProjectConfigurationPlatforms) = postSolution
		{E59B196D-8A47-4DC6-AE80-9F4A86568286}.Debug|Any CPU.ActiveCfg = Debug|Any CPU
		{E59B196D-8A47-4DC6-AE80-9F4A86568286}.Debug|Any CPU.Build.0 = Debug|Any CPU
		{E59B196D-8A47-4DC6-AE80-9F4A86568286}.Release|Any CPU.ActiveCfg = Release|Any CPU
		{E59B196D-8A47-4DC6-AE80-9F4A86568286}.Release|Any CPU.Build.0 = Release|Any CPU
	EndGlobalSection
	GlobalSection(SolutionProperties) = preSolution
		HideSolutionNode = FALSE
	EndGlobalSection
	GlobalSection(ExtensibilityGlobals) = postSolution
		SolutionGuid = {5F0643B3-5AD7-4B51-AF49-849305C75AF8}
	EndGlobalSection
EndGlobal
