
Microsoft Visual Studio Solution File, Format Version 12.00
# Visual Studio 15
VisualStudioVersion = 15.0.27130.2036
MinimumVisualStudioVersion = 10.0.40219.1
Project("{FAE04EC0-301F-11D3-BF4B-00C04F79EFBC}") = "GameHiLo", "GameHiLo\GameHiLo.csproj", "{266FD8FE-2684-4C31-8BBA-7241D79223CB}"
EndProject
Global
	GlobalSection(SolutionConfigurationPlatforms) = preSolution
		Debug|Any CPU = Debug|Any CPU
		Release|Any CPU = Release|Any CPU
	EndGlobalSection
	GlobalSection(ProjectConfigurationPlatforms) = postSolution
		{266FD8FE-2684-4C31-8BBA-7241D79223CB}.Debug|Any CPU.ActiveCfg = Debug|Any CPU
		{266FD8FE-2684-4C31-8BBA-7241D79223CB}.Debug|Any CPU.Build.0 = Debug|Any CPU
		{266FD8FE-2684-4C31-8BBA-7241D79223CB}.Release|Any CPU.ActiveCfg = Release|Any CPU
		{266FD8FE-2684-4C31-8BBA-7241D79223CB}.Release|Any CPU.Build.0 = Release|Any CPU
	EndGlobalSection
	GlobalSection(SolutionProperties) = preSolution
		HideSolutionNode = FALSE
	EndGlobalSection
	GlobalSection(ExtensibilityGlobals) = postSolution
		SolutionGuid = {4BF33A4D-551C-4ABC-839C-F2FB7B0C7ECC}
	EndGlobalSection
EndGlobal
